
Microsoft Visual Studio Solution File, Format Version 12.00
# Visual Studio Version 16
VisualStudioVersion = 16.0.31205.134
MinimumVisualStudioVersion = 10.0.40219.1
Project("{E24C65DC-7377-472B-9ABA-BC803B73C61A}") = "Giuliano o Vendedor", ".", "{EE74FCC2-0EB0-4129-9286-264EA294CE16}"
	ProjectSection(WebsiteProperties) = preProject
		TargetFrameworkMoniker = ".NETFramework,Version%3Dv4.0"
		Debug.AspNetCompiler.VirtualPath = "/localhost_49303"
		Debug.AspNetCompiler.PhysicalPath = "..\..\..\Desktop\Trabalho\Alexandre Queiroz Criação de Sites\Clientes\Giuliano o Vendedor\"
		Debug.AspNetCompiler.TargetPath = "PrecompiledWeb\localhost_49303\"
		Debug.AspNetCompiler.Updateable = "true"
		Debug.AspNetCompiler.ForceOverwrite = "true"
		Debug.AspNetCompiler.FixedNames = "false"
		Debug.AspNetCompiler.Debug = "True"
		Release.AspNetCompiler.VirtualPath = "/localhost_49303"
		Release.AspNetCompiler.PhysicalPath = "..\..\..\Desktop\Trabalho\Alexandre Queiroz Criação de Sites\Clientes\Giuliano o Vendedor\"
		Release.AspNetCompiler.TargetPath = "PrecompiledWeb\localhost_49303\"
		Release.AspNetCompiler.Updateable = "true"
		Release.AspNetCompiler.ForceOverwrite = "true"
		Release.AspNetCompiler.FixedNames = "false"
		Release.AspNetCompiler.Debug = "False"
		VWDPort = "49303"
	EndProjectSection
EndProject
Global
	GlobalSection(SolutionConfigurationPlatforms) = preSolution
		Debug|Any CPU = Debug|Any CPU
	EndGlobalSection
	GlobalSection(ProjectConfigurationPlatforms) = postSolution
		{EE74FCC2-0EB0-4129-9286-264EA294CE16}.Debug|Any CPU.ActiveCfg = Debug|Any CPU
		{EE74FCC2-0EB0-4129-9286-264EA294CE16}.Debug|Any CPU.Build.0 = Debug|Any CPU
	EndGlobalSection
	GlobalSection(SolutionProperties) = preSolution
		HideSolutionNode = FALSE
	EndGlobalSection
	GlobalSection(ExtensibilityGlobals) = postSolution
		SolutionGuid = {DA55DD37-365D-46A4-A6B1-ADFF4D1EC1EF}
	EndGlobalSection
EndGlobal
